// !$*UTF8*$!
{
	archiveVersion = 1;
	classes = {
	};
	objectVersion = 46;
	objects = {

/* Begin PBXBuildFile section */
		232299941C61E00D003E44AB /* Lime.h in Headers */ = {isa = PBXBuildFile; fileRef = 232299931C61E00D003E44AB /* Lime.h */; settings = {ATTRIBUTES = (Public, ); }; };
		232299981C61E00D003E44AB /* Lime.framework in Frameworks */ = {isa = PBXBuildFile; fileRef = 232299911C61E00D003E44AB /* Lime.framework */; };
		232299991C61E00D003E44AB /* Lime.framework in Embed Frameworks */ = {isa = PBXBuildFile; fileRef = 232299911C61E00D003E44AB /* Lime.framework */; settings = {ATTRIBUTES = (CodeSignOnCopy, RemoveHeadersOnCopy, ); }; };
		232299A11C61E048003E44AB /* Lime.swift in Sources */ = {isa = PBXBuildFile; fileRef = 2322999E1C61E048003E44AB /* Lime.swift */; };
		2354416C1C7CCCC600E90A97 /* BodyParser.swift in Sources */ = {isa = PBXBuildFile; fileRef = 235441651C7CCCC600E90A97 /* BodyParser.swift */; };
		2354416D1C7CCCC600E90A97 /* Favicon.swift in Sources */ = {isa = PBXBuildFile; fileRef = 235441661C7CCCC600E90A97 /* Favicon.swift */; };
		2354416E1C7CCCC600E90A97 /* Middleware.swift in Sources */ = {isa = PBXBuildFile; fileRef = 235441671C7CCCC600E90A97 /* Middleware.swift */; };
		235441701C7CCCC600E90A97 /* Router.swift in Sources */ = {isa = PBXBuildFile; fileRef = 235441691C7CCCC600E90A97 /* Router.swift */; };
		235441711C7CCCC600E90A97 /* ServeStatic.swift in Sources */ = {isa = PBXBuildFile; fileRef = 2354416A1C7CCCC600E90A97 /* ServeStatic.swift */; };
		235441721C7CCCC600E90A97 /* SwiftServerPage.swift in Sources */ = {isa = PBXBuildFile; fileRef = 2354416B1C7CCCC600E90A97 /* SwiftServerPage.swift */; };
		235441781C7CCCE600E90A97 /* Request.swift in Sources */ = {isa = PBXBuildFile; fileRef = 235441731C7CCCE600E90A97 /* Request.swift */; };
		2354417A1C7CCCE600E90A97 /* Response.swift in Sources */ = {isa = PBXBuildFile; fileRef = 235441751C7CCCE600E90A97 /* Response.swift */; };
		2354417B1C7CCCE600E90A97 /* RoutAble.swift in Sources */ = {isa = PBXBuildFile; fileRef = 235441761C7CCCE600E90A97 /* RoutAble.swift */; };
		2354417C1C7CCCE600E90A97 /* Route.swift in Sources */ = {isa = PBXBuildFile; fileRef = 235441771C7CCCE600E90A97 /* Route.swift */; };
		239411D71C0C2DA3001B9B07 /* Trevi.h in Headers */ = {isa = PBXBuildFile; fileRef = 239411D61C0C2DA3001B9B07 /* Trevi.h */; settings = {ATTRIBUTES = (Public, ); }; };
		239411E51C0C2E19001B9B07 /* AppDelegate.swift in Sources */ = {isa = PBXBuildFile; fileRef = 239411E41C0C2E19001B9B07 /* AppDelegate.swift */; };
		239411E71C0C2E19001B9B07 /* ViewController.swift in Sources */ = {isa = PBXBuildFile; fileRef = 239411E61C0C2E19001B9B07 /* ViewController.swift */; };
		239412141C0DECC2001B9B07 /* Root.swift in Sources */ = {isa = PBXBuildFile; fileRef = 239412131C0DECC2001B9B07 /* Root.swift */; };
		23A5FAAB1C86CDAD00F68B78 /* Require.swift in Sources */ = {isa = PBXBuildFile; fileRef = 23A5FAAA1C86CDAD00F68B78 /* Require.swift */; };
		23A5FAAD1C86CDFC00F68B78 /* Query.swift in Sources */ = {isa = PBXBuildFile; fileRef = 23A5FAAC1C86CDFC00F68B78 /* Query.swift */; };
		23A5FAAF1C86CE4F00F68B78 /* Layer.swift in Sources */ = {isa = PBXBuildFile; fileRef = 23A5FAAE1C86CE4F00F68B78 /* Layer.swift */; };
		23A5FAB11C86CE8600F68B78 /* Regexp.swift in Sources */ = {isa = PBXBuildFile; fileRef = 23A5FAB01C86CE8600F68B78 /* Regexp.swift */; };
		23A5FAB31C8887D000F68B78 /* OutgoingMessage.swift in Sources */ = {isa = PBXBuildFile; fileRef = 23A5FAB21C8887D000F68B78 /* OutgoingMessage.swift */; };
		23A5FAB51C8888B100F68B78 /* ServerResponse.swift in Sources */ = {isa = PBXBuildFile; fileRef = 23A5FAB41C8888B100F68B78 /* ServerResponse.swift */; };
		23A5FAB71C8888D600F68B78 /* IncomingMessage.swift in Sources */ = {isa = PBXBuildFile; fileRef = 23A5FAB61C8888D600F68B78 /* IncomingMessage.swift */; };
		23A5FAB91C88891400F68B78 /* HttpServer.swift in Sources */ = {isa = PBXBuildFile; fileRef = 23A5FAB81C88891400F68B78 /* HttpServer.swift */; };
		906E50CE1C122541005937A8 /* Trevi.framework in Embed Frameworks */ = {isa = PBXBuildFile; fileRef = 239411D31C0C2DA3001B9B07 /* Trevi.framework */; settings = {ATTRIBUTES = (CodeSignOnCopy, RemoveHeadersOnCopy, ); }; };
		ACD8697D1C88DAE100260C87 /* sky.jpeg in Resources */ = {isa = PBXBuildFile; fileRef = 23973D601C25AB3B00FBB8E7 /* sky.jpeg */; };
		ACD8697E1C88DAE100260C87 /* style.css in Resources */ = {isa = PBXBuildFile; fileRef = 90BEEE651C2F5155009A8DA8 /* style.css */; };
		ACD8697F1C88DAE100260C87 /* helloworld.ssp in Resources */ = {isa = PBXBuildFile; fileRef = 23D2F39A1C1DA4A000F0C784 /* helloworld.ssp */; };
		ACD869801C88DAE100260C87 /* index.ssp in Resources */ = {isa = PBXBuildFile; fileRef = 90BEEE5F1C259FD7009A8DA8 /* index.ssp */; };
		ACD869811C88DAEA00260C87 /* Assets.xcassets in Resources */ = {isa = PBXBuildFile; fileRef = 239411E81C0C2E19001B9B07 /* Assets.xcassets */; };
		ACD869821C88DAEA00260C87 /* Main.storyboard in Resources */ = {isa = PBXBuildFile; fileRef = ACD8697A1C88D6DB00260C87 /* Main.storyboard */; };
		ACD869861C8B45FE00260C87 /* Logger.swift in Sources */ = {isa = PBXBuildFile; fileRef = ACD869851C8B45FE00260C87 /* Logger.swift */; };
		DF732EE71C799737000B12E8 /* libuv.a in Frameworks */ = {isa = PBXBuildFile; fileRef = DF732EDF1C799737000B12E8 /* libuv.a */; };
		DF826E191C8814BF0032F31C /* NetEchoServer.swift in Sources */ = {isa = PBXBuildFile; fileRef = DF826E181C8814BF0032F31C /* NetEchoServer.swift */; };
		DF826E1D1C881A900032F31C /* FileServer.swift in Sources */ = {isa = PBXBuildFile; fileRef = DF826E1C1C881A900032F31C /* FileServer.swift */; };
		DFD970A61C87399D00E39995 /* Utility.swift in Sources */ = {isa = PBXBuildFile; fileRef = 2394120A1C0C46EF001B9B07 /* Utility.swift */; };
		DFD970A71C87399D00E39995 /* File.swift in Sources */ = {isa = PBXBuildFile; fileRef = 906E50B01C11DB9A005937A8 /* File.swift */; };
		DFD970A91C87399D00E39995 /* String.swift in Sources */ = {isa = PBXBuildFile; fileRef = 906E50B61C121225005937A8 /* String.swift */; };
		DFD970AA1C87399D00E39995 /* Json.swift in Sources */ = {isa = PBXBuildFile; fileRef = 236E53E61C1835570076ED36 /* Json.swift */; };
		DFD970B31C8739A300E39995 /* EventEmitter.swift in Sources */ = {isa = PBXBuildFile; fileRef = 2354413B1C797FFA00E90A97 /* EventEmitter.swift */; };
		DFD970B41C8739A300E39995 /* Http.swift in Sources */ = {isa = PBXBuildFile; fileRef = 2354413C1C797FFA00E90A97 /* Http.swift */; };
		DFD970B51C8739A300E39995 /* HttpParser.swift in Sources */ = {isa = PBXBuildFile; fileRef = 2354413D1C797FFA00E90A97 /* HttpParser.swift */; };
		DFD970B61C8739A300E39995 /* HttpProtocol.swift in Sources */ = {isa = PBXBuildFile; fileRef = 2354413E1C797FFA00E90A97 /* HttpProtocol.swift */; };
		DFD970B71C8739A300E39995 /* Net.swift in Sources */ = {isa = PBXBuildFile; fileRef = 2354413F1C797FFA00E90A97 /* Net.swift */; };
		DFD970B81C8739A300E39995 /* StreamReadable.swift in Sources */ = {isa = PBXBuildFile; fileRef = ACBB9E9E1C7A1D7D00E58E31 /* StreamReadable.swift */; };
		DFD970B91C8739A300E39995 /* StreamWritable.swift in Sources */ = {isa = PBXBuildFile; fileRef = ACBB9EA21C7A1D7D00E58E31 /* StreamWritable.swift */; };
		DFD970BA1C8739A300E39995 /* Buffer.swift in Sources */ = {isa = PBXBuildFile; fileRef = ACBB9EA01C7A1D7D00E58E31 /* Buffer.swift */; };
		DFD970BB1C8739A700E39995 /* Handle.swift in Sources */ = {isa = PBXBuildFile; fileRef = 235441521C79800300E90A97 /* Handle.swift */; };
		DFD970BC1C8739A700E39995 /* Loop.swift in Sources */ = {isa = PBXBuildFile; fileRef = DF732EF21C79B4DD000B12E8 /* Loop.swift */; };
		DFD970BD1C8739A700E39995 /* Work.swift in Sources */ = {isa = PBXBuildFile; fileRef = DF4BE52B1C7F073800908A3D /* Work.swift */; };
		DFD970BE1C8739A700E39995 /* FsBase.swift in Sources */ = {isa = PBXBuildFile; fileRef = DF843F111C80CAEF0078D69C /* FsBase.swift */; };
		DFD970BF1C8739A700E39995 /* Stream.swift in Sources */ = {isa = PBXBuildFile; fileRef = 235441561C79800300E90A97 /* Stream.swift */; };
		DFD970C01C8739A700E39995 /* Tcp.swift in Sources */ = {isa = PBXBuildFile; fileRef = 235441571C79800300E90A97 /* Tcp.swift */; };
		DFD970C11C8739A700E39995 /* Pipe.swift in Sources */ = {isa = PBXBuildFile; fileRef = DF3D4EE01C85F77D00DF2DE1 /* Pipe.swift */; };
		DFD970C21C8739A700E39995 /* Async.swift in Sources */ = {isa = PBXBuildFile; fileRef = 235441501C79800300E90A97 /* Async.swift */; };
		DFD970C31C8739A700E39995 /* Timer.swift in Sources */ = {isa = PBXBuildFile; fileRef = DF732EF01C799E65000B12E8 /* Timer.swift */; };
		DFD970C41C8739A700E39995 /* LibuvUtility.swift in Sources */ = {isa = PBXBuildFile; fileRef = 235441541C79800300E90A97 /* LibuvUtility.swift */; };
/* End PBXBuildFile section */

/* Begin PBXContainerItemProxy section */
		232299961C61E00D003E44AB /* PBXContainerItemProxy */ = {
			isa = PBXContainerItemProxy;
			containerPortal = 239411CA1C0C2DA3001B9B07 /* Project object */;
			proxyType = 1;
			remoteGlobalIDString = 232299901C61E00D003E44AB;
			remoteInfo = Lime;
		};
		DF7E4AB01C1E717E00A57379 /* PBXContainerItemProxy */ = {
			isa = PBXContainerItemProxy;
			containerPortal = 239411CA1C0C2DA3001B9B07 /* Project object */;
			proxyType = 1;
			remoteGlobalIDString = 239411D21C0C2DA3001B9B07;
			remoteInfo = Trevi;
		};
/* End PBXContainerItemProxy section */

/* Begin PBXCopyFilesBuildPhase section */
		906E50D11C122541005937A8 /* Embed Frameworks */ = {
			isa = PBXCopyFilesBuildPhase;
			buildActionMask = 2147483647;
			dstPath = "";
			dstSubfolderSpec = 10;
			files = (
				906E50CE1C122541005937A8 /* Trevi.framework in Embed Frameworks */,
				232299991C61E00D003E44AB /* Lime.framework in Embed Frameworks */,
			);
			name = "Embed Frameworks";
			runOnlyForDeploymentPostprocessing = 0;
		};
/* End PBXCopyFilesBuildPhase section */

/* Begin PBXFileReference section */
		232299911C61E00D003E44AB /* Lime.framework */ = {isa = PBXFileReference; explicitFileType = wrapper.framework; includeInIndex = 0; path = Lime.framework; sourceTree = BUILT_PRODUCTS_DIR; };
		232299931C61E00D003E44AB /* Lime.h */ = {isa = PBXFileReference; lastKnownFileType = sourcecode.c.h; path = Lime.h; sourceTree = "<group>"; };
		232299951C61E00D003E44AB /* Info.plist */ = {isa = PBXFileReference; lastKnownFileType = text.plist.xml; path = Info.plist; sourceTree = "<group>"; };
		2322999E1C61E048003E44AB /* Lime.swift */ = {isa = PBXFileReference; fileEncoding = 4; lastKnownFileType = sourcecode.swift; path = Lime.swift; sourceTree = "<group>"; };
		2354413B1C797FFA00E90A97 /* EventEmitter.swift */ = {isa = PBXFileReference; fileEncoding = 4; lastKnownFileType = sourcecode.swift; path = EventEmitter.swift; sourceTree = "<group>"; };
		2354413C1C797FFA00E90A97 /* Http.swift */ = {isa = PBXFileReference; fileEncoding = 4; lastKnownFileType = sourcecode.swift; path = Http.swift; sourceTree = "<group>"; };
		2354413D1C797FFA00E90A97 /* HttpParser.swift */ = {isa = PBXFileReference; fileEncoding = 4; lastKnownFileType = sourcecode.swift; path = HttpParser.swift; sourceTree = "<group>"; };
		2354413E1C797FFA00E90A97 /* HttpProtocol.swift */ = {isa = PBXFileReference; fileEncoding = 4; lastKnownFileType = sourcecode.swift; path = HttpProtocol.swift; sourceTree = "<group>"; };
		2354413F1C797FFA00E90A97 /* Net.swift */ = {isa = PBXFileReference; fileEncoding = 4; lastKnownFileType = sourcecode.swift; path = Net.swift; sourceTree = "<group>"; };
		235441501C79800300E90A97 /* Async.swift */ = {isa = PBXFileReference; fileEncoding = 4; lastKnownFileType = sourcecode.swift; path = Async.swift; sourceTree = "<group>"; };
		235441521C79800300E90A97 /* Handle.swift */ = {isa = PBXFileReference; fileEncoding = 4; lastKnownFileType = sourcecode.swift; path = Handle.swift; sourceTree = "<group>"; };
		235441541C79800300E90A97 /* LibuvUtility.swift */ = {isa = PBXFileReference; fileEncoding = 4; lastKnownFileType = sourcecode.swift; path = LibuvUtility.swift; sourceTree = "<group>"; };
		235441561C79800300E90A97 /* Stream.swift */ = {isa = PBXFileReference; fileEncoding = 4; lastKnownFileType = sourcecode.swift; path = Stream.swift; sourceTree = "<group>"; };
		235441571C79800300E90A97 /* Tcp.swift */ = {isa = PBXFileReference; fileEncoding = 4; lastKnownFileType = sourcecode.swift; path = Tcp.swift; sourceTree = "<group>"; };
		235441651C7CCCC600E90A97 /* BodyParser.swift */ = {isa = PBXFileReference; fileEncoding = 4; lastKnownFileType = sourcecode.swift; path = BodyParser.swift; sourceTree = "<group>"; };
		235441661C7CCCC600E90A97 /* Favicon.swift */ = {isa = PBXFileReference; fileEncoding = 4; lastKnownFileType = sourcecode.swift; path = Favicon.swift; sourceTree = "<group>"; };
		235441671C7CCCC600E90A97 /* Middleware.swift */ = {isa = PBXFileReference; fileEncoding = 4; lastKnownFileType = sourcecode.swift; path = Middleware.swift; sourceTree = "<group>"; };
		235441691C7CCCC600E90A97 /* Router.swift */ = {isa = PBXFileReference; fileEncoding = 4; lastKnownFileType = sourcecode.swift; path = Router.swift; sourceTree = "<group>"; };
		2354416A1C7CCCC600E90A97 /* ServeStatic.swift */ = {isa = PBXFileReference; fileEncoding = 4; lastKnownFileType = sourcecode.swift; path = ServeStatic.swift; sourceTree = "<group>"; };
		2354416B1C7CCCC600E90A97 /* SwiftServerPage.swift */ = {isa = PBXFileReference; fileEncoding = 4; lastKnownFileType = sourcecode.swift; path = SwiftServerPage.swift; sourceTree = "<group>"; };
		235441731C7CCCE600E90A97 /* Request.swift */ = {isa = PBXFileReference; fileEncoding = 4; lastKnownFileType = sourcecode.swift; path = Request.swift; sourceTree = "<group>"; };
		235441751C7CCCE600E90A97 /* Response.swift */ = {isa = PBXFileReference; fileEncoding = 4; lastKnownFileType = sourcecode.swift; path = Response.swift; sourceTree = "<group>"; };
		235441761C7CCCE600E90A97 /* RoutAble.swift */ = {isa = PBXFileReference; fileEncoding = 4; lastKnownFileType = sourcecode.swift; path = RoutAble.swift; sourceTree = "<group>"; };
		235441771C7CCCE600E90A97 /* Route.swift */ = {isa = PBXFileReference; fileEncoding = 4; lastKnownFileType = sourcecode.swift; path = Route.swift; sourceTree = "<group>"; };
		236E53E61C1835570076ED36 /* Json.swift */ = {isa = PBXFileReference; fileEncoding = 4; lastKnownFileType = sourcecode.swift; path = Json.swift; sourceTree = "<group>"; };
		239411D31C0C2DA3001B9B07 /* Trevi.framework */ = {isa = PBXFileReference; explicitFileType = wrapper.framework; includeInIndex = 0; path = Trevi.framework; sourceTree = BUILT_PRODUCTS_DIR; };
		239411D61C0C2DA3001B9B07 /* Trevi.h */ = {isa = PBXFileReference; lastKnownFileType = sourcecode.c.h; path = Trevi.h; sourceTree = "<group>"; };
		239411D81C0C2DA3001B9B07 /* Info.plist */ = {isa = PBXFileReference; lastKnownFileType = text.plist.xml; path = Info.plist; sourceTree = "<group>"; };
		239411E21C0C2E19001B9B07 /* HelloTrevi.app */ = {isa = PBXFileReference; explicitFileType = wrapper.application; includeInIndex = 0; path = HelloTrevi.app; sourceTree = BUILT_PRODUCTS_DIR; };
		239411E41C0C2E19001B9B07 /* AppDelegate.swift */ = {isa = PBXFileReference; lastKnownFileType = sourcecode.swift; path = AppDelegate.swift; sourceTree = "<group>"; };
		239411E61C0C2E19001B9B07 /* ViewController.swift */ = {isa = PBXFileReference; lastKnownFileType = sourcecode.swift; path = ViewController.swift; sourceTree = "<group>"; };
		239411E81C0C2E19001B9B07 /* Assets.xcassets */ = {isa = PBXFileReference; lastKnownFileType = folder.assetcatalog; path = Assets.xcassets; sourceTree = "<group>"; };
		239411ED1C0C2E19001B9B07 /* Info.plist */ = {isa = PBXFileReference; lastKnownFileType = text.plist.xml; path = Info.plist; sourceTree = "<group>"; };
		2394120A1C0C46EF001B9B07 /* Utility.swift */ = {isa = PBXFileReference; fileEncoding = 4; lastKnownFileType = sourcecode.swift; path = Utility.swift; sourceTree = "<group>"; };
		239412131C0DECC2001B9B07 /* Root.swift */ = {isa = PBXFileReference; fileEncoding = 4; lastKnownFileType = sourcecode.swift; path = Root.swift; sourceTree = "<group>"; };
		23973D601C25AB3B00FBB8E7 /* sky.jpeg */ = {isa = PBXFileReference; lastKnownFileType = image.jpeg; path = sky.jpeg; sourceTree = "<group>"; };
		23A5FAAA1C86CDAD00F68B78 /* Require.swift */ = {isa = PBXFileReference; fileEncoding = 4; lastKnownFileType = sourcecode.swift; path = Require.swift; sourceTree = "<group>"; };
		23A5FAAC1C86CDFC00F68B78 /* Query.swift */ = {isa = PBXFileReference; fileEncoding = 4; lastKnownFileType = sourcecode.swift; path = Query.swift; sourceTree = "<group>"; };
		23A5FAAE1C86CE4F00F68B78 /* Layer.swift */ = {isa = PBXFileReference; fileEncoding = 4; lastKnownFileType = sourcecode.swift; path = Layer.swift; sourceTree = "<group>"; };
		23A5FAB01C86CE8600F68B78 /* Regexp.swift */ = {isa = PBXFileReference; fileEncoding = 4; lastKnownFileType = sourcecode.swift; path = Regexp.swift; sourceTree = "<group>"; };
		23A5FAB21C8887D000F68B78 /* OutgoingMessage.swift */ = {isa = PBXFileReference; fileEncoding = 4; lastKnownFileType = sourcecode.swift; path = OutgoingMessage.swift; sourceTree = "<group>"; };
		23A5FAB41C8888B100F68B78 /* ServerResponse.swift */ = {isa = PBXFileReference; fileEncoding = 4; lastKnownFileType = sourcecode.swift; path = ServerResponse.swift; sourceTree = "<group>"; };
		23A5FAB61C8888D600F68B78 /* IncomingMessage.swift */ = {isa = PBXFileReference; fileEncoding = 4; lastKnownFileType = sourcecode.swift; path = IncomingMessage.swift; sourceTree = "<group>"; };
		23A5FAB81C88891400F68B78 /* HttpServer.swift */ = {isa = PBXFileReference; fileEncoding = 4; lastKnownFileType = sourcecode.swift; path = HttpServer.swift; sourceTree = "<group>"; };
		23D2F39A1C1DA4A000F0C784 /* helloworld.ssp */ = {isa = PBXFileReference; fileEncoding = 4; lastKnownFileType = text; path = helloworld.ssp; sourceTree = "<group>"; };
		906E50B01C11DB9A005937A8 /* File.swift */ = {isa = PBXFileReference; fileEncoding = 4; lastKnownFileType = sourcecode.swift; path = File.swift; sourceTree = "<group>"; };
		906E50B61C121225005937A8 /* String.swift */ = {isa = PBXFileReference; fileEncoding = 4; lastKnownFileType = sourcecode.swift; path = String.swift; sourceTree = "<group>"; };
		90BEEE5F1C259FD7009A8DA8 /* index.ssp */ = {isa = PBXFileReference; fileEncoding = 4; lastKnownFileType = text; path = index.ssp; sourceTree = "<group>"; };
		90BEEE651C2F5155009A8DA8 /* style.css */ = {isa = PBXFileReference; fileEncoding = 4; lastKnownFileType = text.css; path = style.css; sourceTree = "<group>"; };
		ACBB9E9E1C7A1D7D00E58E31 /* StreamReadable.swift */ = {isa = PBXFileReference; fileEncoding = 4; lastKnownFileType = sourcecode.swift; path = StreamReadable.swift; sourceTree = "<group>"; };
		ACBB9EA01C7A1D7D00E58E31 /* Buffer.swift */ = {isa = PBXFileReference; fileEncoding = 4; lastKnownFileType = sourcecode.swift; path = Buffer.swift; sourceTree = "<group>"; };
		ACBB9EA21C7A1D7D00E58E31 /* StreamWritable.swift */ = {isa = PBXFileReference; fileEncoding = 4; lastKnownFileType = sourcecode.swift; path = StreamWritable.swift; sourceTree = "<group>"; };
		ACD8697B1C88D6DB00260C87 /* Base */ = {isa = PBXFileReference; lastKnownFileType = file.storyboard; name = Base; path = Base.lproj/Main.storyboard; sourceTree = "<group>"; };
		ACD869851C8B45FE00260C87 /* Logger.swift */ = {isa = PBXFileReference; fileEncoding = 4; lastKnownFileType = sourcecode.swift; path = Logger.swift; sourceTree = "<group>"; };
		DF3D4EE01C85F77D00DF2DE1 /* Pipe.swift */ = {isa = PBXFileReference; fileEncoding = 4; lastKnownFileType = sourcecode.swift; path = Pipe.swift; sourceTree = "<group>"; };
		DF4BE52B1C7F073800908A3D /* Work.swift */ = {isa = PBXFileReference; fileEncoding = 4; lastKnownFileType = sourcecode.swift; path = Work.swift; sourceTree = "<group>"; };
		DF732EDF1C799737000B12E8 /* libuv.a */ = {isa = PBXFileReference; lastKnownFileType = archive.ar; path = libuv.a; sourceTree = "<group>"; };
		DF732EE01C799737000B12E8 /* module.modulemap */ = {isa = PBXFileReference; fileEncoding = 4; lastKnownFileType = "sourcecode.module-map"; path = module.modulemap; sourceTree = "<group>"; };
		DF732EF01C799E65000B12E8 /* Timer.swift */ = {isa = PBXFileReference; fileEncoding = 4; lastKnownFileType = sourcecode.swift; path = Timer.swift; sourceTree = "<group>"; };
		DF732EF21C79B4DD000B12E8 /* Loop.swift */ = {isa = PBXFileReference; fileEncoding = 4; lastKnownFileType = sourcecode.swift; path = Loop.swift; sourceTree = "<group>"; };
		DF826E181C8814BF0032F31C /* NetEchoServer.swift */ = {isa = PBXFileReference; fileEncoding = 4; lastKnownFileType = sourcecode.swift; name = NetEchoServer.swift; path = Test/NetEchoServer.swift; sourceTree = "<group>"; };
		DF826E1C1C881A900032F31C /* FileServer.swift */ = {isa = PBXFileReference; fileEncoding = 4; lastKnownFileType = sourcecode.swift; name = FileServer.swift; path = Test/FileServer.swift; sourceTree = "<group>"; };
		DF843F111C80CAEF0078D69C /* FsBase.swift */ = {isa = PBXFileReference; fileEncoding = 4; lastKnownFileType = sourcecode.swift; path = FsBase.swift; sourceTree = "<group>"; };
/* End PBXFileReference section */

/* Begin PBXFrameworksBuildPhase section */
		2322998D1C61E00D003E44AB /* Frameworks */ = {
			isa = PBXFrameworksBuildPhase;
			buildActionMask = 2147483647;
			files = (
			);
			runOnlyForDeploymentPostprocessing = 0;
		};
		239411CF1C0C2DA3001B9B07 /* Frameworks */ = {
			isa = PBXFrameworksBuildPhase;
			buildActionMask = 2147483647;
			files = (
				DF732EE71C799737000B12E8 /* libuv.a in Frameworks */,
			);
			runOnlyForDeploymentPostprocessing = 0;
		};
		239411DF1C0C2E19001B9B07 /* Frameworks */ = {
			isa = PBXFrameworksBuildPhase;
			buildActionMask = 2147483647;
			files = (
				232299981C61E00D003E44AB /* Lime.framework in Frameworks */,
			);
			runOnlyForDeploymentPostprocessing = 0;
		};
/* End PBXFrameworksBuildPhase section */

/* Begin PBXGroup section */
		232299921C61E00D003E44AB /* Lime */ = {
			isa = PBXGroup;
			children = (
				2322999D1C61E048003E44AB /* Lime */,
				232299931C61E00D003E44AB /* Lime.h */,
				232299951C61E00D003E44AB /* Info.plist */,
			);
			path = Lime;
			sourceTree = "<group>";
		};
		2322999D1C61E048003E44AB /* Lime */ = {
			isa = PBXGroup;
			children = (
				235441641C7CCCC600E90A97 /* Middleware */,
				235441731C7CCCE600E90A97 /* Request.swift */,
				235441761C7CCCE600E90A97 /* RoutAble.swift */,
				23A5FAAA1C86CDAD00F68B78 /* Require.swift */,
				235441751C7CCCE600E90A97 /* Response.swift */,
				235441771C7CCCE600E90A97 /* Route.swift */,
				2322999E1C61E048003E44AB /* Lime.swift */,
				23A5FAAE1C86CE4F00F68B78 /* Layer.swift */,
				23A5FAB01C86CE8600F68B78 /* Regexp.swift */,
			);
			path = Lime;
			sourceTree = "<group>";
		};
		2354413A1C797FFA00E90A97 /* Library */ = {
			isa = PBXGroup;
			children = (
				2354413B1C797FFA00E90A97 /* EventEmitter.swift */,
				2354413C1C797FFA00E90A97 /* Http.swift */,
				2354413D1C797FFA00E90A97 /* HttpParser.swift */,
				2354413E1C797FFA00E90A97 /* HttpProtocol.swift */,
				2354413F1C797FFA00E90A97 /* Net.swift */,
				ACBB9E9E1C7A1D7D00E58E31 /* StreamReadable.swift */,
				ACBB9EA21C7A1D7D00E58E31 /* StreamWritable.swift */,
				ACBB9EA01C7A1D7D00E58E31 /* Buffer.swift */,
				23A5FAB21C8887D000F68B78 /* OutgoingMessage.swift */,
				23A5FAB41C8888B100F68B78 /* ServerResponse.swift */,
				23A5FAB61C8888D600F68B78 /* IncomingMessage.swift */,
				23A5FAB81C88891400F68B78 /* HttpServer.swift */,
			);
			path = Library;
			sourceTree = "<group>";
		};
		2354414F1C79800300E90A97 /* Source */ = {
			isa = PBXGroup;
			children = (
				DF732EDE1C799737000B12E8 /* Libuv */,
				235441521C79800300E90A97 /* Handle.swift */,
				DF732EF21C79B4DD000B12E8 /* Loop.swift */,
				DF4BE52B1C7F073800908A3D /* Work.swift */,
				DF843F111C80CAEF0078D69C /* FsBase.swift */,
				235441561C79800300E90A97 /* Stream.swift */,
				235441571C79800300E90A97 /* Tcp.swift */,
				DF3D4EE01C85F77D00DF2DE1 /* Pipe.swift */,
				235441501C79800300E90A97 /* Async.swift */,
				DF732EF01C799E65000B12E8 /* Timer.swift */,
				235441541C79800300E90A97 /* LibuvUtility.swift */,
			);
			path = Source;
			sourceTree = "<group>";
		};
		235441641C7CCCC600E90A97 /* Middleware */ = {
			isa = PBXGroup;
			children = (
				235441651C7CCCC600E90A97 /* BodyParser.swift */,
				235441661C7CCCC600E90A97 /* Favicon.swift */,
				235441671C7CCCC600E90A97 /* Middleware.swift */,
				235441691C7CCCC600E90A97 /* Router.swift */,
				2354416A1C7CCCC600E90A97 /* ServeStatic.swift */,
				2354416B1C7CCCC600E90A97 /* SwiftServerPage.swift */,
				23A5FAAC1C86CDFC00F68B78 /* Query.swift */,
				ACD869851C8B45FE00260C87 /* Logger.swift */,
			);
			path = Middleware;
			sourceTree = "<group>";
		};
		239411C91C0C2DA3001B9B07 = {
			isa = PBXGroup;
			children = (
				239411D51C0C2DA3001B9B07 /* Trevi */,
				239411E31C0C2E19001B9B07 /* HelloTrevi */,
				232299921C61E00D003E44AB /* Lime */,
				239411D41C0C2DA3001B9B07 /* Products */,
			);
			sourceTree = "<group>";
		};
		239411D41C0C2DA3001B9B07 /* Products */ = {
			isa = PBXGroup;
			children = (
				239411D31C0C2DA3001B9B07 /* Trevi.framework */,
				239411E21C0C2E19001B9B07 /* HelloTrevi.app */,
				232299911C61E00D003E44AB /* Lime.framework */,
			);
			name = Products;
			sourceTree = "<group>";
		};
		239411D51C0C2DA3001B9B07 /* Trevi */ = {
			isa = PBXGroup;
			children = (
				2354414F1C79800300E90A97 /* Source */,
				2354413A1C797FFA00E90A97 /* Library */,
				DF826E131C88135F0032F31C /* Test */,
				239412091C0C46CE001B9B07 /* Utility */,
				239411D61C0C2DA3001B9B07 /* Trevi.h */,
				239411D81C0C2DA3001B9B07 /* Info.plist */,
			);
			path = Trevi;
			sourceTree = "<group>";
		};
		239411E31C0C2E19001B9B07 /* HelloTrevi */ = {
			isa = PBXGroup;
			children = (
				23D2F3941C1DA4A000F0C784 /* public */,
				23D2F3961C1DA4A000F0C784 /* routes */,
				23D2F3991C1DA4A000F0C784 /* views */,
				239411E41C0C2E19001B9B07 /* AppDelegate.swift */,
				239411E61C0C2E19001B9B07 /* ViewController.swift */,
				239412131C0DECC2001B9B07 /* Root.swift */,
				239411E81C0C2E19001B9B07 /* Assets.xcassets */,
				ACD8697A1C88D6DB00260C87 /* Main.storyboard */,
				239411ED1C0C2E19001B9B07 /* Info.plist */,
			);
			path = HelloTrevi;
			sourceTree = "<group>";
		};
		239412091C0C46CE001B9B07 /* Utility */ = {
			isa = PBXGroup;
			children = (
				2394120A1C0C46EF001B9B07 /* Utility.swift */,
				906E50B01C11DB9A005937A8 /* File.swift */,
				906E50B61C121225005937A8 /* String.swift */,
				236E53E61C1835570076ED36 /* Json.swift */,
			);
			path = Utility;
			sourceTree = "<group>";
		};
		23D2F3941C1DA4A000F0C784 /* public */ = {
			isa = PBXGroup;
			children = (
				23973D601C25AB3B00FBB8E7 /* sky.jpeg */,
				90BEEE651C2F5155009A8DA8 /* style.css */,
			);
			path = public;
			sourceTree = "<group>";
		};
		23D2F3961C1DA4A000F0C784 /* routes */ = {
			isa = PBXGroup;
			children = (
			);
			path = routes;
			sourceTree = "<group>";
		};
		23D2F3991C1DA4A000F0C784 /* views */ = {
			isa = PBXGroup;
			children = (
				23D2F39A1C1DA4A000F0C784 /* helloworld.ssp */,
				90BEEE5F1C259FD7009A8DA8 /* index.ssp */,
			);
			path = views;
			sourceTree = "<group>";
		};
		DF732EDE1C799737000B12E8 /* Libuv */ = {
			isa = PBXGroup;
			children = (
				DF732EDF1C799737000B12E8 /* libuv.a */,
				DF732EE01C799737000B12E8 /* module.modulemap */,
			);
			path = Libuv;
			sourceTree = "<group>";
		};
		DF826E131C88135F0032F31C /* Test */ = {
			isa = PBXGroup;
			children = (
				DF826E181C8814BF0032F31C /* NetEchoServer.swift */,
				DF826E1C1C881A900032F31C /* FileServer.swift */,
			);
			name = Test;
			sourceTree = "<group>";
		};
/* End PBXGroup section */

/* Begin PBXHeadersBuildPhase section */
		2322998E1C61E00D003E44AB /* Headers */ = {
			isa = PBXHeadersBuildPhase;
			buildActionMask = 2147483647;
			files = (
				232299941C61E00D003E44AB /* Lime.h in Headers */,
			);
			runOnlyForDeploymentPostprocessing = 0;
		};
		239411D01C0C2DA3001B9B07 /* Headers */ = {
			isa = PBXHeadersBuildPhase;
			buildActionMask = 2147483647;
			files = (
				239411D71C0C2DA3001B9B07 /* Trevi.h in Headers */,
			);
			runOnlyForDeploymentPostprocessing = 0;
		};
/* End PBXHeadersBuildPhase section */

/* Begin PBXNativeTarget section */
		232299901C61E00D003E44AB /* Lime */ = {
			isa = PBXNativeTarget;
			buildConfigurationList = 2322999A1C61E00D003E44AB /* Build configuration list for PBXNativeTarget "Lime" */;
			buildPhases = (
				2322998C1C61E00D003E44AB /* Sources */,
				2322998D1C61E00D003E44AB /* Frameworks */,
				2322998E1C61E00D003E44AB /* Headers */,
				2322998F1C61E00D003E44AB /* Resources */,
			);
			buildRules = (
			);
			dependencies = (
			);
			name = Lime;
			productName = Lime;
			productReference = 232299911C61E00D003E44AB /* Lime.framework */;
			productType = "com.apple.product-type.framework";
		};
		239411D21C0C2DA3001B9B07 /* Trevi */ = {
			isa = PBXNativeTarget;
			buildConfigurationList = 239411DB1C0C2DA3001B9B07 /* Build configuration list for PBXNativeTarget "Trevi" */;
			buildPhases = (
				239411CE1C0C2DA3001B9B07 /* Sources */,
				239411CF1C0C2DA3001B9B07 /* Frameworks */,
				239411D01C0C2DA3001B9B07 /* Headers */,
				239411D11C0C2DA3001B9B07 /* Resources */,
			);
			buildRules = (
			);
			dependencies = (
			);
			name = Trevi;
			productName = Trevi;
			productReference = 239411D31C0C2DA3001B9B07 /* Trevi.framework */;
			productType = "com.apple.product-type.framework";
		};
		239411E11C0C2E19001B9B07 /* HelloTrevi */ = {
			isa = PBXNativeTarget;
			buildConfigurationList = 239411EE1C0C2E19001B9B07 /* Build configuration list for PBXNativeTarget "HelloTrevi" */;
			buildPhases = (
				239411DE1C0C2E19001B9B07 /* Sources */,
				239411DF1C0C2E19001B9B07 /* Frameworks */,
				239411E01C0C2E19001B9B07 /* Resources */,
				906E50D11C122541005937A8 /* Embed Frameworks */,
			);
			buildRules = (
			);
			dependencies = (
				DF7E4AB11C1E717E00A57379 /* PBXTargetDependency */,
				232299971C61E00D003E44AB /* PBXTargetDependency */,
			);
			name = HelloTrevi;
			productName = HelloTrevi;
			productReference = 239411E21C0C2E19001B9B07 /* HelloTrevi.app */;
			productType = "com.apple.product-type.application";
		};
/* End PBXNativeTarget section */

/* Begin PBXProject section */
		239411CA1C0C2DA3001B9B07 /* Project object */ = {
			isa = PBXProject;
			attributes = {
				LastSwiftUpdateCheck = 0720;
				LastUpgradeCheck = 0710;
				ORGANIZATIONNAME = LeeYoseob;
				TargetAttributes = {
					232299901C61E00D003E44AB = {
						CreatedOnToolsVersion = 7.2;
					};
					239411D21C0C2DA3001B9B07 = {
						CreatedOnToolsVersion = 7.1.1;
					};
					239411E11C0C2E19001B9B07 = {
						CreatedOnToolsVersion = 7.1.1;
					};
				};
			};
			buildConfigurationList = 239411CD1C0C2DA3001B9B07 /* Build configuration list for PBXProject "Trevi" */;
			compatibilityVersion = "Xcode 3.2";
			developmentRegion = English;
			hasScannedForEncodings = 0;
			knownRegions = (
				en,
				Base,
			);
			mainGroup = 239411C91C0C2DA3001B9B07;
			productRefGroup = 239411D41C0C2DA3001B9B07 /* Products */;
			projectDirPath = "";
			projectRoot = "";
			targets = (
				239411D21C0C2DA3001B9B07 /* Trevi */,
				232299901C61E00D003E44AB /* Lime */,
				239411E11C0C2E19001B9B07 /* HelloTrevi */,
			);
		};
/* End PBXProject section */

/* Begin PBXResourcesBuildPhase section */
		2322998F1C61E00D003E44AB /* Resources */ = {
			isa = PBXResourcesBuildPhase;
			buildActionMask = 2147483647;
			files = (
			);
			runOnlyForDeploymentPostprocessing = 0;
		};
		239411D11C0C2DA3001B9B07 /* Resources */ = {
			isa = PBXResourcesBuildPhase;
			buildActionMask = 2147483647;
			files = (
			);
			runOnlyForDeploymentPostprocessing = 0;
		};
		239411E01C0C2E19001B9B07 /* Resources */ = {
			isa = PBXResourcesBuildPhase;
			buildActionMask = 2147483647;
			files = (
				ACD869811C88DAEA00260C87 /* Assets.xcassets in Resources */,
				ACD869821C88DAEA00260C87 /* Main.storyboard in Resources */,
				ACD8697D1C88DAE100260C87 /* sky.jpeg in Resources */,
				ACD8697E1C88DAE100260C87 /* style.css in Resources */,
				ACD8697F1C88DAE100260C87 /* helloworld.ssp in Resources */,
				ACD869801C88DAE100260C87 /* index.ssp in Resources */,
			);
			runOnlyForDeploymentPostprocessing = 0;
		};
/* End PBXResourcesBuildPhase section */

/* Begin PBXSourcesBuildPhase section */
		2322998C1C61E00D003E44AB /* Sources */ = {
			isa = PBXSourcesBuildPhase;
			buildActionMask = 2147483647;
			files = (
				2354416D1C7CCCC600E90A97 /* Favicon.swift in Sources */,
				235441781C7CCCE600E90A97 /* Request.swift in Sources */,
				235441721C7CCCC600E90A97 /* SwiftServerPage.swift in Sources */,
				23A5FAAF1C86CE4F00F68B78 /* Layer.swift in Sources */,
				2354416E1C7CCCC600E90A97 /* Middleware.swift in Sources */,
				23A5FAB11C86CE8600F68B78 /* Regexp.swift in Sources */,
				2354417A1C7CCCE600E90A97 /* Response.swift in Sources */,
				ACD869861C8B45FE00260C87 /* Logger.swift in Sources */,
				235441701C7CCCC600E90A97 /* Router.swift in Sources */,
				2354417B1C7CCCE600E90A97 /* RoutAble.swift in Sources */,
				23A5FAAD1C86CDFC00F68B78 /* Query.swift in Sources */,
				2354417C1C7CCCE600E90A97 /* Route.swift in Sources */,
				235441711C7CCCC600E90A97 /* ServeStatic.swift in Sources */,
				23A5FAAB1C86CDAD00F68B78 /* Require.swift in Sources */,
				2354416C1C7CCCC600E90A97 /* BodyParser.swift in Sources */,
				232299A11C61E048003E44AB /* Lime.swift in Sources */,
			);
			runOnlyForDeploymentPostprocessing = 0;
		};
		239411CE1C0C2DA3001B9B07 /* Sources */ = {
			isa = PBXSourcesBuildPhase;
			buildActionMask = 2147483647;
			files = (
				DFD970BC1C8739A700E39995 /* Loop.swift in Sources */,
				DFD970A71C87399D00E39995 /* File.swift in Sources */,
				DFD970C11C8739A700E39995 /* Pipe.swift in Sources */,
				23A5FAB51C8888B100F68B78 /* ServerResponse.swift in Sources */,
				DFD970A91C87399D00E39995 /* String.swift in Sources */,
				DFD970BB1C8739A700E39995 /* Handle.swift in Sources */,
				DFD970AA1C87399D00E39995 /* Json.swift in Sources */,
				23A5FAB91C88891400F68B78 /* HttpServer.swift in Sources */,
				DFD970B91C8739A300E39995 /* StreamWritable.swift in Sources */,
				DFD970BF1C8739A700E39995 /* Stream.swift in Sources */,
				DFD970C31C8739A700E39995 /* Timer.swift in Sources */,
				DFD970B61C8739A300E39995 /* HttpProtocol.swift in Sources */,
				DF826E191C8814BF0032F31C /* NetEchoServer.swift in Sources */,
				DFD970C21C8739A700E39995 /* Async.swift in Sources */,
				DFD970BD1C8739A700E39995 /* Work.swift in Sources */,
				DFD970A61C87399D00E39995 /* Utility.swift in Sources */,
				DFD970C01C8739A700E39995 /* Tcp.swift in Sources */,
				DF826E1D1C881A900032F31C /* FileServer.swift in Sources */,
				DFD970B31C8739A300E39995 /* EventEmitter.swift in Sources */,
				DFD970B71C8739A300E39995 /* Net.swift in Sources */,
				DFD970BE1C8739A700E39995 /* FsBase.swift in Sources */,
				23A5FAB71C8888D600F68B78 /* IncomingMessage.swift in Sources */,
				DFD970B51C8739A300E39995 /* HttpParser.swift in Sources */,
				23A5FAB31C8887D000F68B78 /* OutgoingMessage.swift in Sources */,
				DFD970B81C8739A300E39995 /* StreamReadable.swift in Sources */,
				DFD970B41C8739A300E39995 /* Http.swift in Sources */,
				DFD970C41C8739A700E39995 /* LibuvUtility.swift in Sources */,
				DFD970BA1C8739A300E39995 /* Buffer.swift in Sources */,
			);
			runOnlyForDeploymentPostprocessing = 0;
		};
		239411DE1C0C2E19001B9B07 /* Sources */ = {
			isa = PBXSourcesBuildPhase;
			buildActionMask = 2147483647;
			files = (
				239412141C0DECC2001B9B07 /* Root.swift in Sources */,
				239411E71C0C2E19001B9B07 /* ViewController.swift in Sources */,
				239411E51C0C2E19001B9B07 /* AppDelegate.swift in Sources */,
			);
			runOnlyForDeploymentPostprocessing = 0;
		};
/* End PBXSourcesBuildPhase section */

/* Begin PBXTargetDependency section */
		232299971C61E00D003E44AB /* PBXTargetDependency */ = {
			isa = PBXTargetDependency;
			target = 232299901C61E00D003E44AB /* Lime */;
			targetProxy = 232299961C61E00D003E44AB /* PBXContainerItemProxy */;
		};
		DF7E4AB11C1E717E00A57379 /* PBXTargetDependency */ = {
			isa = PBXTargetDependency;
			target = 239411D21C0C2DA3001B9B07 /* Trevi */;
			targetProxy = DF7E4AB01C1E717E00A57379 /* PBXContainerItemProxy */;
		};
/* End PBXTargetDependency section */

/* Begin PBXVariantGroup section */
		ACD8697A1C88D6DB00260C87 /* Main.storyboard */ = {
			isa = PBXVariantGroup;
			children = (
				ACD8697B1C88D6DB00260C87 /* Base */,
			);
			name = Main.storyboard;
			sourceTree = "<group>";
		};
/* End PBXVariantGroup section */

/* Begin XCBuildConfiguration section */
		2322999B1C61E00D003E44AB /* Debug */ = {
			isa = XCBuildConfiguration;
			buildSettings = {
				COMBINE_HIDPI_IMAGES = YES;
				DEFINES_MODULE = YES;
				DYLIB_COMPATIBILITY_VERSION = 1;
				DYLIB_CURRENT_VERSION = 1;
				DYLIB_INSTALL_NAME_BASE = "@rpath";
				FRAMEWORK_VERSION = A;
				INFOPLIST_FILE = Lime/Info.plist;
				INSTALL_PATH = "$(LOCAL_LIBRARY_DIR)/Frameworks";
				LD_RUNPATH_SEARCH_PATHS = "$(inherited) @executable_path/../Frameworks @loader_path/Frameworks";
				PRODUCT_BUNDLE_IDENTIFIER = io.trevi.Trevi;
				PRODUCT_NAME = "$(TARGET_NAME)";
				SKIP_INSTALL = YES;
			};
			name = Debug;
		};
		2322999C1C61E00D003E44AB /* Release */ = {
			isa = XCBuildConfiguration;
			buildSettings = {
				COMBINE_HIDPI_IMAGES = YES;
				DEFINES_MODULE = YES;
				DYLIB_COMPATIBILITY_VERSION = 1;
				DYLIB_CURRENT_VERSION = 1;
				DYLIB_INSTALL_NAME_BASE = "@rpath";
				FRAMEWORK_VERSION = A;
				INFOPLIST_FILE = Lime/Info.plist;
				INSTALL_PATH = "$(LOCAL_LIBRARY_DIR)/Frameworks";
				LD_RUNPATH_SEARCH_PATHS = "$(inherited) @executable_path/../Frameworks @loader_path/Frameworks";
				PRODUCT_BUNDLE_IDENTIFIER = io.trevi.Trevi;
				PRODUCT_NAME = "$(TARGET_NAME)";
				SKIP_INSTALL = YES;
			};
			name = Release;
		};
		239411D91C0C2DA3001B9B07 /* Debug */ = {
			isa = XCBuildConfiguration;
			buildSettings = {
				ALWAYS_SEARCH_USER_PATHS = NO;
				CLANG_CXX_LANGUAGE_STANDARD = "gnu++0x";
				CLANG_CXX_LIBRARY = "libc++";
				CLANG_ENABLE_MODULES = YES;
				CLANG_ENABLE_OBJC_ARC = YES;
				CLANG_WARN_BOOL_CONVERSION = YES;
				CLANG_WARN_CONSTANT_CONVERSION = YES;
				CLANG_WARN_DIRECT_OBJC_ISA_USAGE = YES_ERROR;
				CLANG_WARN_EMPTY_BODY = YES;
				CLANG_WARN_ENUM_CONVERSION = YES;
				CLANG_WARN_INT_CONVERSION = YES;
				CLANG_WARN_OBJC_ROOT_CLASS = YES_ERROR;
				CLANG_WARN_UNREACHABLE_CODE = YES;
				CLANG_WARN__DUPLICATE_METHOD_MATCH = YES;
				CODE_SIGN_IDENTITY = "-";
				COPY_PHASE_STRIP = NO;
				CURRENT_PROJECT_VERSION = 1;
				DEBUG_INFORMATION_FORMAT = dwarf;
				ENABLE_STRICT_OBJC_MSGSEND = YES;
				ENABLE_TESTABILITY = YES;
				GCC_C_LANGUAGE_STANDARD = gnu99;
				GCC_DYNAMIC_NO_PIC = NO;
				GCC_NO_COMMON_BLOCKS = YES;
				GCC_OPTIMIZATION_LEVEL = 0;
				GCC_PREPROCESSOR_DEFINITIONS = (
					"DEBUG=1",
					"$(inherited)",
				);
				GCC_WARN_64_TO_32_BIT_CONVERSION = YES;
				GCC_WARN_ABOUT_RETURN_TYPE = YES_ERROR;
				GCC_WARN_UNDECLARED_SELECTOR = YES;
				GCC_WARN_UNINITIALIZED_AUTOS = YES_AGGRESSIVE;
				GCC_WARN_UNUSED_FUNCTION = YES;
				GCC_WARN_UNUSED_VARIABLE = YES;
				LIBRARY_SEARCH_PATHS = "$(PROJECT_DIR)/Trevi/Source/Libuv";
				MACOSX_DEPLOYMENT_TARGET = 10.11;
				MTL_ENABLE_DEBUG_INFO = YES;
				ONLY_ACTIVE_ARCH = YES;
				SDKROOT = macosx;
				SWIFT_INCLUDE_PATHS = "$(PROJECT_DIR)/Trevi/Source/Libuv";
				SWIFT_OPTIMIZATION_LEVEL = "-Onone";
				VERSIONING_SYSTEM = "apple-generic";
				VERSION_INFO_PREFIX = "";
			};
			name = Debug;
		};
		239411DA1C0C2DA3001B9B07 /* Release */ = {
			isa = XCBuildConfiguration;
			buildSettings = {
				ALWAYS_SEARCH_USER_PATHS = NO;
				CLANG_CXX_LANGUAGE_STANDARD = "gnu++0x";
				CLANG_CXX_LIBRARY = "libc++";
				CLANG_ENABLE_MODULES = YES;
				CLANG_ENABLE_OBJC_ARC = YES;
				CLANG_WARN_BOOL_CONVERSION = YES;
				CLANG_WARN_CONSTANT_CONVERSION = YES;
				CLANG_WARN_DIRECT_OBJC_ISA_USAGE = YES_ERROR;
				CLANG_WARN_EMPTY_BODY = YES;
				CLANG_WARN_ENUM_CONVERSION = YES;
				CLANG_WARN_INT_CONVERSION = YES;
				CLANG_WARN_OBJC_ROOT_CLASS = YES_ERROR;
				CLANG_WARN_UNREACHABLE_CODE = YES;
				CLANG_WARN__DUPLICATE_METHOD_MATCH = YES;
				CODE_SIGN_IDENTITY = "-";
				COPY_PHASE_STRIP = NO;
				CURRENT_PROJECT_VERSION = 1;
				DEBUG_INFORMATION_FORMAT = "dwarf-with-dsym";
				ENABLE_NS_ASSERTIONS = NO;
				ENABLE_STRICT_OBJC_MSGSEND = YES;
				GCC_C_LANGUAGE_STANDARD = gnu99;
				GCC_NO_COMMON_BLOCKS = YES;
				GCC_WARN_64_TO_32_BIT_CONVERSION = YES;
				GCC_WARN_ABOUT_RETURN_TYPE = YES_ERROR;
				GCC_WARN_UNDECLARED_SELECTOR = YES;
				GCC_WARN_UNINITIALIZED_AUTOS = YES_AGGRESSIVE;
				GCC_WARN_UNUSED_FUNCTION = YES;
				GCC_WARN_UNUSED_VARIABLE = YES;
				LIBRARY_SEARCH_PATHS = "$(PROJECT_DIR)/Trevi/Source/Libuv";
				MACOSX_DEPLOYMENT_TARGET = 10.11;
				MTL_ENABLE_DEBUG_INFO = NO;
				SDKROOT = macosx;
				SWIFT_INCLUDE_PATHS = "$(PROJECT_DIR)/Trevi/Source/Libuv";
				VERSIONING_SYSTEM = "apple-generic";
				VERSION_INFO_PREFIX = "";
			};
			name = Release;
		};
		239411DC1C0C2DA3001B9B07 /* Debug */ = {
			isa = XCBuildConfiguration;
			buildSettings = {
				ARCHS = "$(ARCHS_STANDARD)";
				CLANG_ENABLE_MODULES = YES;
				COMBINE_HIDPI_IMAGES = YES;
				DEFINES_MODULE = YES;
				DYLIB_COMPATIBILITY_VERSION = 1;
				DYLIB_CURRENT_VERSION = 1;
				DYLIB_INSTALL_NAME_BASE = "@rpath";
				FRAMEWORK_VERSION = A;
				INFOPLIST_FILE = Trevi/Info.plist;
				INSTALL_PATH = "$(LOCAL_LIBRARY_DIR)/Frameworks";
				LD_RUNPATH_SEARCH_PATHS = "$(inherited) @executable_path/../Frameworks @loader_path/Frameworks";
				PRODUCT_BUNDLE_IDENTIFIER = io.trevi.Trevi;
				PRODUCT_NAME = "$(TARGET_NAME)";
				SCAN_ALL_SOURCE_FILES_FOR_INCLUDES = NO;
				SKIP_INSTALL = YES;
				SWIFT_OPTIMIZATION_LEVEL = "-Onone";
			};
			name = Debug;
		};
		239411DD1C0C2DA3001B9B07 /* Release */ = {
			isa = XCBuildConfiguration;
			buildSettings = {
				ARCHS = "$(ARCHS_STANDARD)";
				CLANG_ENABLE_MODULES = YES;
				COMBINE_HIDPI_IMAGES = YES;
				DEFINES_MODULE = YES;
				DYLIB_COMPATIBILITY_VERSION = 1;
				DYLIB_CURRENT_VERSION = 1;
				DYLIB_INSTALL_NAME_BASE = "@rpath";
				FRAMEWORK_VERSION = A;
				INFOPLIST_FILE = Trevi/Info.plist;
				INSTALL_PATH = "$(LOCAL_LIBRARY_DIR)/Frameworks";
				LD_RUNPATH_SEARCH_PATHS = "$(inherited) @executable_path/../Frameworks @loader_path/Frameworks";
				PRODUCT_BUNDLE_IDENTIFIER = io.trevi.Trevi;
				PRODUCT_NAME = "$(TARGET_NAME)";
				SKIP_INSTALL = YES;
			};
			name = Release;
		};
		239411EF1C0C2E19001B9B07 /* Debug */ = {
			isa = XCBuildConfiguration;
			buildSettings = {
				ASSETCATALOG_COMPILER_APPICON_NAME = AppIcon;
				COMBINE_HIDPI_IMAGES = YES;
				DYLIB_INSTALL_NAME_BASE = "@rpath";
				EMBEDDED_CONTENT_CONTAINS_SWIFT = YES;
				INFOPLIST_FILE = HelloTrevi/Info.plist;
				LD_DYLIB_INSTALL_NAME = "$(DYLIB_INSTALL_NAME_BASE:standardizepath)/$(EXECUTABLE_PATH)";
				LD_RUNPATH_SEARCH_PATHS = "$(inherited) @executable_path/../Frameworks";
				PRODUCT_BUNDLE_IDENTIFIER = io.trevi.Trevi;
				PRODUCT_NAME = "$(TARGET_NAME)";
			};
			name = Debug;
		};
		239411F01C0C2E19001B9B07 /* Release */ = {
			isa = XCBuildConfiguration;
			buildSettings = {
				ASSETCATALOG_COMPILER_APPICON_NAME = AppIcon;
				COMBINE_HIDPI_IMAGES = YES;
				DYLIB_INSTALL_NAME_BASE = "@rpath";
				EMBEDDED_CONTENT_CONTAINS_SWIFT = YES;
				INFOPLIST_FILE = HelloTrevi/Info.plist;
				LD_DYLIB_INSTALL_NAME = "$(DYLIB_INSTALL_NAME_BASE:standardizepath)/$(EXECUTABLE_PATH)";
				LD_RUNPATH_SEARCH_PATHS = "$(inherited) @executable_path/../Frameworks";
				PRODUCT_BUNDLE_IDENTIFIER = io.trevi.Trevi;
				PRODUCT_NAME = "$(TARGET_NAME)";
			};
			name = Release;
		};
/* End XCBuildConfiguration section */

/* Begin XCConfigurationList section */
		2322999A1C61E00D003E44AB /* Build configuration list for PBXNativeTarget "Lime" */ = {
			isa = XCConfigurationList;
			buildConfigurations = (
				2322999B1C61E00D003E44AB /* Debug */,
				2322999C1C61E00D003E44AB /* Release */,
			);
			defaultConfigurationIsVisible = 0;
			defaultConfigurationName = Release;
		};
		239411CD1C0C2DA3001B9B07 /* Build configuration list for PBXProject "Trevi" */ = {
			isa = XCConfigurationList;
			buildConfigurations = (
				239411D91C0C2DA3001B9B07 /* Debug */,
				239411DA1C0C2DA3001B9B07 /* Release */,
			);
			defaultConfigurationIsVisible = 0;
			defaultConfigurationName = Release;
		};
		239411DB1C0C2DA3001B9B07 /* Build configuration list for PBXNativeTarget "Trevi" */ = {
			isa = XCConfigurationList;
			buildConfigurations = (
				239411DC1C0C2DA3001B9B07 /* Debug */,
				239411DD1C0C2DA3001B9B07 /* Release */,
			);
			defaultConfigurationIsVisible = 0;
			defaultConfigurationName = Release;
		};
		239411EE1C0C2E19001B9B07 /* Build configuration list for PBXNativeTarget "HelloTrevi" */ = {
			isa = XCConfigurationList;
			buildConfigurations = (
				239411EF1C0C2E19001B9B07 /* Debug */,
				239411F01C0C2E19001B9B07 /* Release */,
			);
			defaultConfigurationIsVisible = 0;
			defaultConfigurationName = Release;
		};
/* End XCConfigurationList section */
	};
	rootObject = 239411CA1C0C2DA3001B9B07 /* Project object */;
}
